
Microsoft Visual Studio Solution File, Format Version 12.00
# Visual Studio Version 17
VisualStudioVersion = 17.14.36202.13
MinimumVisualStudioVersion = 10.0.40219.1
Project("{2150E333-8FDC-42A3-9474-1A3956D46DE8}") = "src", "src", "{02EA681E-C7D8-13C7-8484-4AC65E1B71E8}"
EndProject
Project("{2150E333-8FDC-42A3-9474-1A3956D46DE8}") = "Application", "Application", "{AC96E9F9-87F8-44E8-BDC1-4F4EDC47FAFB}"
EndProject
Project("{2150E333-8FDC-42A3-9474-1A3956D46DE8}") = "Domain", "Domain", "{139ADF31-656C-4E99-86F8-5D6689FB77B7}"
EndProject
Project("{2150E333-8FDC-42A3-9474-1A3956D46DE8}") = "Presentation", "Presentation", "{90797449-E71F-469F-9BCF-CEC725100035}"
EndProject
Project("{2150E333-8FDC-42A3-9474-1A3956D46DE8}") = "Infrastructure", "Infrastructure", "{EDABC928-F73D-4896-BBF3-2EDA44CD686F}"
EndProject
Project("{FAE04EC0-301F-11D3-BF4B-00C04F79EFBC}") = "FCG.Application", "FGC.Application\FCG.Application.csproj", "{D46437FB-6B19-4C2D-8478-2FCC6B66E25B}"
EndProject
Project("{FAE04EC0-301F-11D3-BF4B-00C04F79EFBC}") = "FCG.Infrastructure", "FGC.Infrastructure\FCG.Infrastructure.csproj", "{C2221680-501F-416A-8F8C-17C2540D6B6B}"
EndProject
Project("{FAE04EC0-301F-11D3-BF4B-00C04F79EFBC}") = "FCG.WebAPI", "FGC.WebAPI\FCG.WebAPI.csproj", "{3DD99C68-517C-4451-8F88-27AB8541F7BB}"
EndProject
Project("{2150E333-8FDC-42A3-9474-1A3956D46DE8}") = "Tests", "Tests", "{3E40BB5D-10ED-48B6-AE5B-047C87FB989C}"
EndProject
Project("{FAE04EC0-301F-11D3-BF4B-00C04F79EFBC}") = "FCG.Core", "FGC.Domain\FCG.Core.csproj", "{51D295A4-F9E7-910C-4C98-BD06DD4BBECB}"
EndProject
Project("{2150E333-8FDC-42A3-9474-1A3956D46DE8}") = "Application.Tests", "Application.Tests", "{2EEA95F0-7822-460D-AA6E-F5451B57D3CA}"
EndProject
Project("{FAE04EC0-301F-11D3-BF4B-00C04F79EFBC}") = "FCG.Application.Tests", "FGC.Application.Tests\FCG.Application.Tests.csproj", "{EFCDDC2D-7495-43B5-A6BA-E19D7A123BC6}"
EndProject
Project("{FAE04EC0-301F-11D3-BF4B-00C04F79EFBC}") = "FCG.Core.Tests", "FCG.Core.Tests\FCG.Core.Tests.csproj", "{2D891E95-55C0-9051-AA1F-D17F80F453F9}"
EndProject
Project("{2150E333-8FDC-42A3-9474-1A3956D46DE8}") = "Domain.Tests", "Domain.Tests", "{6C8633C8-BFE5-4A5E-B541-81FA90D97F33}"
EndProject
Global
	GlobalSection(SolutionConfigurationPlatforms) = preSolution
		Debug|Any CPU = Debug|Any CPU
		Release|Any CPU = Release|Any CPU
	EndGlobalSection
	GlobalSection(ProjectConfigurationPlatforms) = postSolution
		{D46437FB-6B19-4C2D-8478-2FCC6B66E25B}.Debug|Any CPU.ActiveCfg = Debug|Any CPU
		{D46437FB-6B19-4C2D-8478-2FCC6B66E25B}.Debug|Any CPU.Build.0 = Debug|Any CPU
		{D46437FB-6B19-4C2D-8478-2FCC6B66E25B}.Release|Any CPU.ActiveCfg = Release|Any CPU
		{D46437FB-6B19-4C2D-8478-2FCC6B66E25B}.Release|Any CPU.Build.0 = Release|Any CPU
		{C2221680-501F-416A-8F8C-17C2540D6B6B}.Debug|Any CPU.ActiveCfg = Debug|Any CPU
		{C2221680-501F-416A-8F8C-17C2540D6B6B}.Debug|Any CPU.Build.0 = Debug|Any CPU
		{C2221680-501F-416A-8F8C-17C2540D6B6B}.Release|Any CPU.ActiveCfg = Release|Any CPU
		{C2221680-501F-416A-8F8C-17C2540D6B6B}.Release|Any CPU.Build.0 = Release|Any CPU
		{3DD99C68-517C-4451-8F88-27AB8541F7BB}.Debug|Any CPU.ActiveCfg = Debug|Any CPU
		{3DD99C68-517C-4451-8F88-27AB8541F7BB}.Debug|Any CPU.Build.0 = Debug|Any CPU
		{3DD99C68-517C-4451-8F88-27AB8541F7BB}.Release|Any CPU.ActiveCfg = Release|Any CPU
		{3DD99C68-517C-4451-8F88-27AB8541F7BB}.Release|Any CPU.Build.0 = Release|Any CPU
		{51D295A4-F9E7-910C-4C98-BD06DD4BBECB}.Debug|Any CPU.ActiveCfg = Debug|Any CPU
		{51D295A4-F9E7-910C-4C98-BD06DD4BBECB}.Debug|Any CPU.Build.0 = Debug|Any CPU
		{51D295A4-F9E7-910C-4C98-BD06DD4BBECB}.Release|Any CPU.ActiveCfg = Release|Any CPU
		{51D295A4-F9E7-910C-4C98-BD06DD4BBECB}.Release|Any CPU.Build.0 = Release|Any CPU
		{EFCDDC2D-7495-43B5-A6BA-E19D7A123BC6}.Debug|Any CPU.ActiveCfg = Debug|Any CPU
		{EFCDDC2D-7495-43B5-A6BA-E19D7A123BC6}.Debug|Any CPU.Build.0 = Debug|Any CPU
		{EFCDDC2D-7495-43B5-A6BA-E19D7A123BC6}.Release|Any CPU.ActiveCfg = Release|Any CPU
		{EFCDDC2D-7495-43B5-A6BA-E19D7A123BC6}.Release|Any CPU.Build.0 = Release|Any CPU
		{2D891E95-55C0-9051-AA1F-D17F80F453F9}.Debug|Any CPU.ActiveCfg = Debug|Any CPU
		{2D891E95-55C0-9051-AA1F-D17F80F453F9}.Debug|Any CPU.Build.0 = Debug|Any CPU
		{2D891E95-55C0-9051-AA1F-D17F80F453F9}.Release|Any CPU.ActiveCfg = Release|Any CPU
		{2D891E95-55C0-9051-AA1F-D17F80F453F9}.Release|Any CPU.Build.0 = Release|Any CPU
	EndGlobalSection
	GlobalSection(SolutionProperties) = preSolution
		HideSolutionNode = FALSE
	EndGlobalSection
	GlobalSection(NestedProjects) = preSolution
		{AC96E9F9-87F8-44E8-BDC1-4F4EDC47FAFB} = {02EA681E-C7D8-13C7-8484-4AC65E1B71E8}
		{139ADF31-656C-4E99-86F8-5D6689FB77B7} = {02EA681E-C7D8-13C7-8484-4AC65E1B71E8}
		{90797449-E71F-469F-9BCF-CEC725100035} = {02EA681E-C7D8-13C7-8484-4AC65E1B71E8}
		{EDABC928-F73D-4896-BBF3-2EDA44CD686F} = {02EA681E-C7D8-13C7-8484-4AC65E1B71E8}
		{D46437FB-6B19-4C2D-8478-2FCC6B66E25B} = {AC96E9F9-87F8-44E8-BDC1-4F4EDC47FAFB}
		{C2221680-501F-416A-8F8C-17C2540D6B6B} = {EDABC928-F73D-4896-BBF3-2EDA44CD686F}
		{3DD99C68-517C-4451-8F88-27AB8541F7BB} = {90797449-E71F-469F-9BCF-CEC725100035}
		{3E40BB5D-10ED-48B6-AE5B-047C87FB989C} = {02EA681E-C7D8-13C7-8484-4AC65E1B71E8}
		{51D295A4-F9E7-910C-4C98-BD06DD4BBECB} = {139ADF31-656C-4E99-86F8-5D6689FB77B7}
		{2EEA95F0-7822-460D-AA6E-F5451B57D3CA} = {3E40BB5D-10ED-48B6-AE5B-047C87FB989C}
		{EFCDDC2D-7495-43B5-A6BA-E19D7A123BC6} = {2EEA95F0-7822-460D-AA6E-F5451B57D3CA}
		{2D891E95-55C0-9051-AA1F-D17F80F453F9} = {6C8633C8-BFE5-4A5E-B541-81FA90D97F33}
		{6C8633C8-BFE5-4A5E-B541-81FA90D97F33} = {3E40BB5D-10ED-48B6-AE5B-047C87FB989C}
	EndGlobalSection
	GlobalSection(ExtensibilityGlobals) = postSolution
		SolutionGuid = {F03CABA2-7918-42C2-8D73-60532318E784}
	EndGlobalSection
EndGlobal
